
Microsoft Visual Studio Solution File, Format Version 12.00
# Visual Studio Version 17
VisualStudioVersion = 17.13.35828.75
MinimumVisualStudioVersion = 10.0.40219.1
Project("{FAE04EC0-301F-11D3-BF4B-00C04F79EFBC}") = "DaddysLanka", "WinFormsApp1\DaddysLanka.csproj", "{81FC6EAC-0827-456E-9C80-E3987417394A}"
EndProject
Global
	GlobalSection(SolutionConfigurationPlatforms) = preSolution
		Debug|Any CPU = Debug|Any CPU
		Release|Any CPU = Release|Any CPU
	EndGlobalSection
	GlobalSection(ProjectConfigurationPlatforms) = postSolution
		{81FC6EAC-0827-456E-9C80-E3987417394A}.Debug|Any CPU.ActiveCfg = Debug|Any CPU
		{81FC6EAC-0827-456E-9C80-E3987417394A}.Debug|Any CPU.Build.0 = Debug|Any CPU
		{81FC6EAC-0827-456E-9C80-E3987417394A}.Release|Any CPU.ActiveCfg = Release|Any CPU
		{81FC6EAC-0827-456E-9C80-E3987417394A}.Release|Any CPU.Build.0 = Release|Any CPU
	EndGlobalSection
	GlobalSection(SolutionProperties) = preSolution
		HideSolutionNode = FALSE
	EndGlobalSection
	GlobalSection(ExtensibilityGlobals) = postSolution
		SolutionGuid = {E1843D74-0BE2-418C-BFD7-22AA524F5F65}
	EndGlobalSection
EndGlobal
